
Microsoft Visual Studio Solution File, Format Version 12.00
# Visual Studio 2012
Project("{FAE04EC0-301F-11D3-BF4B-00C04F79EFBC}") = "Test", "Test.csproj", "{DFE0DEA6-0BEA-45D8-A203-39F02683F127}"
EndProject
Global
	GlobalSection(SolutionConfigurationPlatforms) = preSolution
		Debug|Any CPU = Debug|Any CPU
		Release|Any CPU = Release|Any CPU
	EndGlobalSection
	GlobalSection(ProjectConfigurationPlatforms) = postSolution
		{DFE0DEA6-0BEA-45D8-A203-39F02683F127}.Debug|Any CPU.ActiveCfg = Debug|Any CPU
		{DFE0DEA6-0BEA-45D8-A203-39F02683F127}.Debug|Any CPU.Build.0 = Debug|Any CPU
		{DFE0DEA6-0BEA-45D8-A203-39F02683F127}.Release|Any CPU.ActiveCfg = Release|Any CPU
		{DFE0DEA6-0BEA-45D8-A203-39F02683F127}.Release|Any CPU.Build.0 = Release|Any CPU
	EndGlobalSection
EndGlobal
